
Microsoft Visual Studio Solution File, Format Version 12.00
# Visual Studio 14
VisualStudioVersion = 14.0.25420.1
MinimumVisualStudioVersion = 10.0.40219.1
Project("{8BC9CEB8-8B4A-11D0-8D11-00A0C91BC942}") = "Project1", "Project1\Project1.vcxproj", "{8F6A3CC3-401D-43E5-9CB3-1DA7194D97A9}"
EndProject
Project("{8BC9CEB8-8B4A-11D0-8D11-00A0C91BC942}") = "Project2", "Project2\Project2.vcxproj", "{E64ECD6C-7C93-4F9A-8B0A-07B14B38B177}"
EndProject
Project("{8BC9CEB8-8B4A-11D0-8D11-00A0C91BC942}") = "Project3", "Project3\Project3.vcxproj", "{428EC905-66AB-4D9F-9906-B108E848D79A}"
EndProject
Project("{8BC9CEB8-8B4A-11D0-8D11-00A0C91BC942}") = "Project4", "Project4\Project4.vcxproj", "{99ACB12A-C06C-4679-81B4-3D017F24D4B2}"
EndProject
Project("{8BC9CEB8-8B4A-11D0-8D11-00A0C91BC942}") = "Project5", "Project5\Project5.vcxproj", "{4A7C9384-8BBC-4236-BA3D-8961322F77DD}"
EndProject
Project("{8BC9CEB8-8B4A-11D0-8D11-00A0C91BC942}") = "Project6", "Project6\Project6.vcxproj", "{D346A96F-7DE5-421D-8721-9F300BEEC841}"
EndProject
Project("{8BC9CEB8-8B4A-11D0-8D11-00A0C91BC942}") = "Project7", "Project7\Project7.vcxproj", "{A9B43F42-213B-4123-AF44-EE1B543ABE04}"
EndProject
Project("{8BC9CEB8-8B4A-11D0-8D11-00A0C91BC942}") = "Project8", "Project8\Project8.vcxproj", "{C8149826-1B7E-441D-B172-F5F22676EE67}"
EndProject
Project("{8BC9CEB8-8B4A-11D0-8D11-00A0C91BC942}") = "Project9", "Project9\Project9.vcxproj", "{A6CDE24C-0837-4E4D-9F16-436EFB57225B}"
EndProject
Global
	GlobalSection(SolutionConfigurationPlatforms) = preSolution
		Debug|x64 = Debug|x64
		Debug|x86 = Debug|x86
		Release|x64 = Release|x64
		Release|x86 = Release|x86
	EndGlobalSection
	GlobalSection(ProjectConfigurationPlatforms) = postSolution
		{8F6A3CC3-401D-43E5-9CB3-1DA7194D97A9}.Debug|x64.ActiveCfg = Debug|x64
		{8F6A3CC3-401D-43E5-9CB3-1DA7194D97A9}.Debug|x64.Build.0 = Debug|x64
		{8F6A3CC3-401D-43E5-9CB3-1DA7194D97A9}.Debug|x86.ActiveCfg = Debug|Win32
		{8F6A3CC3-401D-43E5-9CB3-1DA7194D97A9}.Debug|x86.Build.0 = Debug|Win32
		{8F6A3CC3-401D-43E5-9CB3-1DA7194D97A9}.Release|x64.ActiveCfg = Release|x64
		{8F6A3CC3-401D-43E5-9CB3-1DA7194D97A9}.Release|x64.Build.0 = Release|x64
		{8F6A3CC3-401D-43E5-9CB3-1DA7194D97A9}.Release|x86.ActiveCfg = Release|Win32
		{8F6A3CC3-401D-43E5-9CB3-1DA7194D97A9}.Release|x86.Build.0 = Release|Win32
		{E64ECD6C-7C93-4F9A-8B0A-07B14B38B177}.Debug|x64.ActiveCfg = Debug|x64
		{E64ECD6C-7C93-4F9A-8B0A-07B14B38B177}.Debug|x64.Build.0 = Debug|x64
		{E64ECD6C-7C93-4F9A-8B0A-07B14B38B177}.Debug|x86.ActiveCfg = Debug|Win32
		{E64ECD6C-7C93-4F9A-8B0A-07B14B38B177}.Debug|x86.Build.0 = Debug|Win32
		{E64ECD6C-7C93-4F9A-8B0A-07B14B38B177}.Release|x64.ActiveCfg = Release|x64
		{E64ECD6C-7C93-4F9A-8B0A-07B14B38B177}.Release|x64.Build.0 = Release|x64
		{E64ECD6C-7C93-4F9A-8B0A-07B14B38B177}.Release|x86.ActiveCfg = Release|Win32
		{E64ECD6C-7C93-4F9A-8B0A-07B14B38B177}.Release|x86.Build.0 = Release|Win32
		{428EC905-66AB-4D9F-9906-B108E848D79A}.Debug|x64.ActiveCfg = Debug|x64
		{428EC905-66AB-4D9F-9906-B108E848D79A}.Debug|x64.Build.0 = Debug|x64
		{428EC905-66AB-4D9F-9906-B108E848D79A}.Debug|x86.ActiveCfg = Debug|Win32
		{428EC905-66AB-4D9F-9906-B108E848D79A}.Debug|x86.Build.0 = Debug|Win32
		{428EC905-66AB-4D9F-9906-B108E848D79A}.Release|x64.ActiveCfg = Release|x64
		{428EC905-66AB-4D9F-9906-B108E848D79A}.Release|x64.Build.0 = Release|x64
		{428EC905-66AB-4D9F-9906-B108E848D79A}.Release|x86.ActiveCfg = Release|Win32
		{428EC905-66AB-4D9F-9906-B108E848D79A}.Release|x86.Build.0 = Release|Win32
		{99ACB12A-C06C-4679-81B4-3D017F24D4B2}.Debug|x64.ActiveCfg = Debug|x64
		{99ACB12A-C06C-4679-81B4-3D017F24D4B2}.Debug|x64.Build.0 = Debug|x64
		{99ACB12A-C06C-4679-81B4-3D017F24D4B2}.Debug|x86.ActiveCfg = Debug|Win32
		{99ACB12A-C06C-4679-81B4-3D017F24D4B2}.Debug|x86.Build.0 = Debug|Win32
		{99ACB12A-C06C-4679-81B4-3D017F24D4B2}.Release|x64.ActiveCfg = Release|x64
		{99ACB12A-C06C-4679-81B4-3D017F24D4B2}.Release|x64.Build.0 = Release|x64
		{99ACB12A-C06C-4679-81B4-3D017F24D4B2}.Release|x86.ActiveCfg = Release|Win32
		{99ACB12A-C06C-4679-81B4-3D017F24D4B2}.Release|x86.Build.0 = Release|Win32
		{4A7C9384-8BBC-4236-BA3D-8961322F77DD}.Debug|x64.ActiveCfg = Debug|x64
		{4A7C9384-8BBC-4236-BA3D-8961322F77DD}.Debug|x64.Build.0 = Debug|x64
		{4A7C9384-8BBC-4236-BA3D-8961322F77DD}.Debug|x86.ActiveCfg = Debug|Win32
		{4A7C9384-8BBC-4236-BA3D-8961322F77DD}.Debug|x86.Build.0 = Debug|Win32
		{4A7C9384-8BBC-4236-BA3D-8961322F77DD}.Release|x64.ActiveCfg = Release|x64
		{4A7C9384-8BBC-4236-BA3D-8961322F77DD}.Release|x64.Build.0 = Release|x64
		{4A7C9384-8BBC-4236-BA3D-8961322F77DD}.Release|x86.ActiveCfg = Release|Win32
		{4A7C9384-8BBC-4236-BA3D-8961322F77DD}.Release|x86.Build.0 = Release|Win32
		{D346A96F-7DE5-421D-8721-9F300BEEC841}.Debug|x64.ActiveCfg = Debug|x64
		{D346A96F-7DE5-421D-8721-9F300BEEC841}.Debug|x64.Build.0 = Debug|x64
		{D346A96F-7DE5-421D-8721-9F300BEEC841}.Debug|x86.ActiveCfg = Debug|Win32
		{D346A96F-7DE5-421D-8721-9F300BEEC841}.Debug|x86.Build.0 = Debug|Win32
		{D346A96F-7DE5-421D-8721-9F300BEEC841}.Release|x64.ActiveCfg = Release|x64
		{D346A96F-7DE5-421D-8721-9F300BEEC841}.Release|x64.Build.0 = Release|x64
		{D346A96F-7DE5-421D-8721-9F300BEEC841}.Release|x86.ActiveCfg = Release|Win32
		{D346A96F-7DE5-421D-8721-9F300BEEC841}.Release|x86.Build.0 = Release|Win32
		{A9B43F42-213B-4123-AF44-EE1B543ABE04}.Debug|x64.ActiveCfg = Debug|x64
		{A9B43F42-213B-4123-AF44-EE1B543ABE04}.Debug|x64.Build.0 = Debug|x64
		{A9B43F42-213B-4123-AF44-EE1B543ABE04}.Debug|x86.ActiveCfg = Debug|Win32
		{A9B43F42-213B-4123-AF44-EE1B543ABE04}.Debug|x86.Build.0 = Debug|Win32
		{A9B43F42-213B-4123-AF44-EE1B543ABE04}.Release|x64.ActiveCfg = Release|x64
		{A9B43F42-213B-4123-AF44-EE1B543ABE04}.Release|x64.Build.0 = Release|x64
		{A9B43F42-213B-4123-AF44-EE1B543ABE04}.Release|x86.ActiveCfg = Release|Win32
		{A9B43F42-213B-4123-AF44-EE1B543ABE04}.Release|x86.Build.0 = Release|Win32
		{C8149826-1B7E-441D-B172-F5F22676EE67}.Debug|x64.ActiveCfg = Debug|x64
		{C8149826-1B7E-441D-B172-F5F22676EE67}.Debug|x64.Build.0 = Debug|x64
		{C8149826-1B7E-441D-B172-F5F22676EE67}.Debug|x86.ActiveCfg = Debug|Win32
		{C8149826-1B7E-441D-B172-F5F22676EE67}.Debug|x86.Build.0 = Debug|Win32
		{C8149826-1B7E-441D-B172-F5F22676EE67}.Release|x64.ActiveCfg = Release|x64
		{C8149826-1B7E-441D-B172-F5F22676EE67}.Release|x64.Build.0 = Release|x64
		{C8149826-1B7E-441D-B172-F5F22676EE67}.Release|x86.ActiveCfg = Release|Win32
		{C8149826-1B7E-441D-B172-F5F22676EE67}.Release|x86.Build.0 = Release|Win32
		{A6CDE24C-0837-4E4D-9F16-436EFB57225B}.Debug|x64.ActiveCfg = Debug|x64
		{A6CDE24C-0837-4E4D-9F16-436EFB57225B}.Debug|x64.Build.0 = Debug|x64
		{A6CDE24C-0837-4E4D-9F16-436EFB57225B}.Debug|x86.ActiveCfg = Debug|Win32
		{A6CDE24C-0837-4E4D-9F16-436EFB57225B}.Debug|x86.Build.0 = Debug|Win32
		{A6CDE24C-0837-4E4D-9F16-436EFB57225B}.Release|x64.ActiveCfg = Release|x64
		{A6CDE24C-0837-4E4D-9F16-436EFB57225B}.Release|x64.Build.0 = Release|x64
		{A6CDE24C-0837-4E4D-9F16-436EFB57225B}.Release|x86.ActiveCfg = Release|Win32
		{A6CDE24C-0837-4E4D-9F16-436EFB57225B}.Release|x86.Build.0 = Release|Win32
	EndGlobalSection
	GlobalSection(SolutionProperties) = preSolution
		HideSolutionNode = FALSE
	EndGlobalSection
EndGlobal
